<?xml version="1.0" encoding="utf-8"?>
<Project ToolsVersion="4.0" xmlns="http://schemas.microsoft.com/developer/msbuild/2003">
  <ItemGroup>
    <Filter Include="Source Files">
      <UniqueIdentifier>{4FC737F1-C7A5-4376-A066-2A32D752A2FF}</UniqueIdentifier>
      <Extensions>cpp;c;cc;cxx;def;odl;idl;hpj;bat;asm;asmx</Extensions>
    </Filter>
    <Filter Include="Header Files">
      <UniqueIdentifier>{93995380-89BD-4b04-88EB-625FBE52EBFB}</UniqueIdentifier>
      <Extensions>h;hpp;hxx;hm;inl;inc;xsd</Extensions>
    </Filter>
    <Filter Include="Resource Files">
      <UniqueIdentifier>{67DA6AB6-F800-4c08-8B7A-83BB121AAD01}</UniqueIdentifier>
      <Extensions>rc;ico;cur;bmp;dlg;rc2;rct;bin;rgs;gif;jpg;jpeg;jpe;resx;tiff;tif;png;wav;mfcribbon-ms</Extensions>
    </Filter>
  </ItemGroup>
  <ItemGroup>
    <ClInclude Include="include\TileShell\Device.h">
      <Filter>Header Files</Filter>
    </ClInclude>
    <ClInclude Include="include\TileShell\ExternalResourceFactory.h">
      <Filter>Header Files</Filter>
    </ClInclude>
    <ClInclude Include="include\TileShell\Drawing\Font.h">
      <Filter>Header Files</Filter>
    </ClInclude>
    <ClInclude Include="include\TileShell\Drawing\FontManager.h">
      <Filter>Header Files</Filter>
    </ClInclude>
    <ClInclude Include="include\TileShell\Drawing\GeometryBuffer.h">
      <Filter>Header Files</Filter>
    </ClInclude>
    <ClInclude Include="include\TileShell\Drawing\GeometryBuilder.h">
      <Filter>Header Files</Filter>
    </ClInclude>
    <ClInclude Include="include\TileShell\Drawing\IRenderFrameCallback.h">
      <Filter>Header Files</Filter>
    </ClInclude>
    <ClInclude Include="include\TileShell\Drawing\Point.h">
      <Filter>Header Files</Filter>
    </ClInclude>
    <ClInclude Include="include\TileShell\Drawing\ResourceFactory.h">
      <Filter>Header Files</Filter>
    </ClInclude>
    <ClInclude Include="include\TileShell\Drawing\Size.h">
      <Filter>Header Files</Filter>
    </ClInclude>
    <ClInclude Include="include\TileShell\Drawing\Texture.h">
      <Filter>Header Files</Filter>
    </ClInclude>
    <ClInclude Include="include\TileShell\Drawing\TextureManager.h">
      <Filter>Header Files</Filter>
    </ClInclude>
    <ClInclude Include="include\TileShell\Core\Allocator.h">
      <Filter>Header Files</Filter>
    </ClInclude>
    <ClInclude Include="include\TileShell\Core\Reference.h">
      <Filter>Header Files</Filter>
    </ClInclude>
    <ClInclude Include="include\TileShell\Core\Referenced.h">
      <Filter>Header Files</Filter>
    </ClInclude>
    <ClInclude Include="include\TileShell\Core\StrongName.h">
      <Filter>Header Files</Filter>
    </ClInclude>
    <ClInclude Include="include\TileShell\Core\Types.h">
      <Filter>Header Files</Filter>
    </ClInclude>
    <ClInclude Include="include\TileShell\Input\Input.h">
      <Filter>Header Files</Filter>
    </ClInclude>
    <ClInclude Include="include\TileShell\UI\IElement.h">
      <Filter>Header Files</Filter>
    </ClInclude>
    <ClInclude Include="include\TileShell\Required.h">
      <Filter>Header Files</Filter>
    </ClInclude>
    <ClInclude Include="include\TileShell\Xml\Xml.h">
      <Filter>Header Files</Filter>
    </ClInclude>
    <ClInclude Include="include\TileShell\UI\IScene.h">
      <Filter>Header Files</Filter>
    </ClInclude>
    <ClInclude Include="include\TileShell\Serialization\TypeSerializer.h">
      <Filter>Header Files</Filter>
    </ClInclude>
    <ClInclude Include="include\TileShell\UI\Visual.h">
      <Filter>Header Files</Filter>
    </ClInclude>
    <ClInclude Include="include\TileShell\Drawing\Transform.h">
      <Filter>Header Files</Filter>
    </ClInclude>
    <ClInclude Include="include\TileShell\Drawing\Rect.h">
      <Filter>Header Files</Filter>
    </ClInclude>
    <ClInclude Include="include\TileShell\Drawing\Thickness.h">
      <Filter>Header Files</Filter>
    </ClInclude>
    <ClInclude Include="include\TileShell\Drawing\Matrix.h">
      <Filter>Header Files</Filter>
    </ClInclude>
    <ClInclude Include="include\TileShell\Drawing\Color.h">
      <Filter>Header Files</Filter>
    </ClInclude>
    <ClInclude Include="include\TileShell\Drawing\Style.h">
      <Filter>Header Files</Filter>
    </ClInclude>
    <ClInclude Include="include\TileShell\Drawing\StyleManager.h">
      <Filter>Header Files</Filter>
    </ClInclude>
    <ClInclude Include="include\TileShell\Drawing\StyleItem.h">
      <Filter>Header Files</Filter>
    </ClInclude>
    <ClInclude Include="include\TileShell\Drawing\Vector.h">
      <Filter>Header Files</Filter>
    </ClInclude>
    <ClInclude Include="include\TileShell\Animation\Tween.h">
      <Filter>Header Files</Filter>
    </ClInclude>
    <ClInclude Include="include\TileShell\Drawing\Geometry.h">
      <Filter>Header Files</Filter>
    </ClInclude>
    <ClInclude Include="include\TileShell\UI\INotifyPropertyChanged.h">
      <Filter>Header Files</Filter>
    </ClInclude>
  </ItemGroup>
  <ItemGroup>
    <ClCompile Include="source\TileShell\Allocator.cpp">
      <Filter>Source Files</Filter>
    </ClCompile>
    <ClCompile Include="source\TileShell\Device.cpp">
      <Filter>Source Files</Filter>
    </ClCompile>
    <ClCompile Include="source\TileShell\Drawing\Font.cpp">
      <Filter>Source Files</Filter>
    </ClCompile>
    <ClCompile Include="source\TileShell\Drawing\FontManager.cpp">
      <Filter>Source Files</Filter>
    </ClCompile>
    <ClCompile Include="source\TileShell\Drawing\GeometryBuilder.cpp">
      <Filter>Source Files</Filter>
    </ClCompile>
    <ClCompile Include="source\TileShell\Drawing\ResourceFactory.cpp">
      <Filter>Source Files</Filter>
    </ClCompile>
    <ClCompile Include="source\TileShell\Drawing\TextureManager.cpp">
      <Filter>Source Files</Filter>
    </ClCompile>
    <ClCompile Include="source\TileShell\UI\Visual.cpp">
      <Filter>Source Files</Filter>
    </ClCompile>
    <ClCompile Include="source\TileShell\Drawing\Style.cpp">
      <Filter>Source Files</Filter>
    </ClCompile>
    <ClCompile Include="source\TileShell\Drawing\StyleManager.cpp">
      <Filter>Source Files</Filter>
    </ClCompile>
    <ClCompile Include="source\TileShell\Drawing\Transform.cpp">
      <Filter>Source Files</Filter>
    </ClCompile>
    <ClCompile Include="source\TileShell\Drawing\Geometry.cpp">
      <Filter>Source Files</Filter>
    </ClCompile>
  </ItemGroup>
  <ItemGroup>
    <None Include="include\TileShell\Drawing\Rect.inl">
      <Filter>Header Files</Filter>
    </None>
    <None Include="include\TileShell\Drawing\Size.inl">
      <Filter>Header Files</Filter>
    </None>
    <None Include="include\TileShell\Drawing\Vector.inl">
      <Filter>Header Files</Filter>
    </None>
    <None Include="include\TileShell\UI\Visual.inl">
      <Filter>Header Files</Filter>
    </None>
    <None Include="diagrams\uml_allocator_memstats.cd" />
    <None Include="diagrams\uml_refcount.cd" />
    <None Include="diagrams\uml_strongname.cd" />
    <None Include="diagrams\uml_animation.cd" />
    <None Include="diagrams\uml_inputhandling.cd" />
    <None Include="diagrams\uml_drawing_primitive_types.cd" />
    <None Include="diagrams\uml_drawing_transforms.cd" />
    <None Include="diagrams\uml_drawing_fontmanager.cd" />
    <None Include="diagrams\uml_drawing_texturemanager.cd" />
    <None Include="diagrams\uml_drawing_geometrygenerator.cd" />
    <None Include="diagrams\uml_drawing_stylemanager.cd" />
    <None Include="diagrams\uml_ui_generic.cd" />
  </ItemGroup>
</Project>