<?xml version="1.0" encoding="utf-8"?>
<Project ToolsVersion="4.0" xmlns="http://schemas.microsoft.com/developer/msbuild/2003">
  <ItemGroup>
    <Filter Include="Source Files">
      <UniqueIdentifier>{4FC737F1-C7A5-4376-A066-2A32D752A2FF}</UniqueIdentifier>
      <Extensions>cpp;c;cc;cxx;def;odl;idl;hpj;bat;asm;asmx</Extensions>
    </Filter>
    <Filter Include="Header Files">
      <UniqueIdentifier>{93995380-89BD-4b04-88EB-625FBE52EBFB}</UniqueIdentifier>
      <Extensions>h;hpp;hxx;hm;inl;inc;xsd</Extensions>
    </Filter>
    <Filter Include="Resource Files">
      <UniqueIdentifier>{67DA6AB6-F800-4c08-8B7A-83BB121AAD01}</UniqueIdentifier>
      <Extensions>rc;ico;cur;bmp;dlg;rc2;rct;bin;rgs;gif;jpg;jpeg;jpe;resx;tiff;tif;png;wav;mfcribbon-ms</Extensions>
    </Filter>
  </ItemGroup>
  <ItemGroup>
    <ClInclude Include="include\TIleShell\UI\Controls\Activity.h">
      <Filter>Header Files</Filter>
    </ClInclude>
    <ClInclude Include="include\TIleShell\UI\Controls\Control.h">
      <Filter>Header Files</Filter>
    </ClInclude>
    <ClInclude Include="include\TIleShell\UI\Controls\Primitives\ButtonBase.h">
      <Filter>Header Files</Filter>
    </ClInclude>
    <ClInclude Include="include\TIleShell\UI\Controls\Primitives\TextBase.h">
      <Filter>Header Files</Filter>
    </ClInclude>
    <ClInclude Include="include\TIleShell\UI\Controls\Button.h">
      <Filter>Header Files</Filter>
    </ClInclude>
    <ClInclude Include="include\TIleShell\UI\Controls\ControlFactory.h">
      <Filter>Header Files</Filter>
    </ClInclude>
    <ClInclude Include="include\TIleShell\UI\Controls\MenuScene.h">
      <Filter>Header Files</Filter>
    </ClInclude>
    <ClInclude Include="include\TIleShell\UI\Controls\Primitives\RangeBase.h">
      <Filter>Header Files</Filter>
    </ClInclude>
    <ClInclude Include="include\TIleShell\UI\Controls\Primitives\SelectorBase.h">
      <Filter>Header Files</Filter>
    </ClInclude>
    <ClInclude Include="include\TIleShell\UI\Controls\Unimplemented.h">
      <Filter>Header Files</Filter>
    </ClInclude>
    <ClInclude Include="include\TIleShell\UI\Controls\Primitives\ToggleButton.h">
      <Filter>Header Files</Filter>
    </ClInclude>
    <ClInclude Include="include\TIleShell\UI\Controls\ContainerControl.h">
      <Filter>Header Files</Filter>
    </ClInclude>
    <ClInclude Include="include\TIleShell\UI\Controls\TextBlock.h">
      <Filter>Header Files</Filter>
    </ClInclude>
    <ClInclude Include="include\TIleShell\UI\Controls\ProgressBar.h">
      <Filter>Header Files</Filter>
    </ClInclude>
    <ClInclude Include="include\TIleShell\UI\Controls\CheckBox.h">
      <Filter>Header Files</Filter>
    </ClInclude>
    <ClInclude Include="include\TIleShell\UI\Controls\SelectBox.h">
      <Filter>Header Files</Filter>
    </ClInclude>
    <ClInclude Include="include\TIleShell\UI\Controls\ComboBox.h">
      <Filter>Header Files</Filter>
    </ClInclude>
    <ClInclude Include="include\TIleShell\UI\Controls\Slider.h">
      <Filter>Header Files</Filter>
    </ClInclude>
    <ClInclude Include="include\TIleShell\UI\Controls\TextBox.h">
      <Filter>Header Files</Filter>
    </ClInclude>
    <ClInclude Include="include\TIleShell\UI\Controls\IEventHandler.h">
      <Filter>Header Files</Filter>
    </ClInclude>
    <ClInclude Include="include\TIleShell\UI\Controls\MultiButton.h">
      <Filter>Header Files</Filter>
    </ClInclude>
  </ItemGroup>
  <ItemGroup>
    <ClCompile Include="source\TileShell\UI\Controls\Control.cpp">
      <Filter>Source Files</Filter>
    </ClCompile>
    <ClCompile Include="source\TileShell\UI\Controls\Primitives\ButtonBase.cpp">
      <Filter>Source Files</Filter>
    </ClCompile>
    <ClCompile Include="source\TileShell\UI\Controls\Button.cpp">
      <Filter>Source Files</Filter>
    </ClCompile>
    <ClCompile Include="source\TileShell\UI\Controls\ControlFactory.cpp">
      <Filter>Source Files</Filter>
    </ClCompile>
    <ClCompile Include="source\TileShell\UI\Controls\MenuScene.cpp">
      <Filter>Source Files</Filter>
    </ClCompile>
    <ClCompile Include="source\TileShell\UI\Controls\Activity.cpp">
      <Filter>Source Files</Filter>
    </ClCompile>
    <ClCompile Include="source\TileShell\UI\Controls\Primitives\RangeBase.cpp">
      <Filter>Source Files</Filter>
    </ClCompile>
    <ClCompile Include="source\TileShell\UI\Controls\Register.cpp">
      <Filter>Source Files</Filter>
    </ClCompile>
    <ClCompile Include="source\TileShell\UI\Controls\ContainerControl.cpp">
      <Filter>Source Files</Filter>
    </ClCompile>
    <ClCompile Include="source\TileShell\UI\Controls\TextBlock.cpp">
      <Filter>Source Files</Filter>
    </ClCompile>
    <ClCompile Include="source\TileShell\UI\Controls\ProgressBar.cpp">
      <Filter>Source Files</Filter>
    </ClCompile>
    <ClCompile Include="source\TileShell\UI\Controls\Primitives\ToggleButton.cpp">
      <Filter>Source Files</Filter>
    </ClCompile>
    <ClCompile Include="source\TileShell\UI\Controls\CheckBox.cpp">
      <Filter>Source Files</Filter>
    </ClCompile>
    <ClCompile Include="source\TileShell\UI\Controls\Primitives\SelectorBase.cpp">
      <Filter>Source Files</Filter>
    </ClCompile>
    <ClCompile Include="source\TileShell\UI\Controls\SelectBox.cpp">
      <Filter>Source Files</Filter>
    </ClCompile>
    <ClCompile Include="source\TileShell\UI\Controls\ComboBox.cpp">
      <Filter>Source Files</Filter>
    </ClCompile>
    <ClCompile Include="source\TileShell\UI\Controls\Slider.cpp">
      <Filter>Source Files</Filter>
    </ClCompile>
    <ClCompile Include="source\TileShell\UI\Controls\Primitives\TextBase.cpp">
      <Filter>Source Files</Filter>
    </ClCompile>
    <ClCompile Include="source\TileShell\UI\Controls\TextBox.cpp">
      <Filter>Source Files</Filter>
    </ClCompile>
    <ClCompile Include="source\TileShell\UI\Controls\MultiButton.cpp">
      <Filter>Source Files</Filter>
    </ClCompile>
  </ItemGroup>
  <ItemGroup>
    <None Include="include\TIleShell\UI\Controls\Control.inl">
      <Filter>Header Files</Filter>
    </None>
    <None Include="include\TIleShell\UI\Controls\Activity.inl">
      <Filter>Header Files</Filter>
    </None>
    <None Include="diagrams\uml_menukit_primitives.cd" />
    <None Include="diagrams\uml_menukit_primitives_controls.cd" />
    <None Include="diagrams\uml_menukit_control.cd" />
    <None Include="diagrams\uml_menukit_activity.cd" />
    <None Include="diagrams\uml_menukit_controlfactory.cd" />
  </ItemGroup>
</Project>